{
  "object": {
    "pins": [
      {
        "package": "AdvancedFoundation",
        "repositoryURL": "https://github.com/adamaszhu/AdvancedFoundation",
        "state": {
          "branch": null,
          "revision": "068a5f3d1890e27d85891e9ebb7ab148eda1981f",
          "version": "1.7.2"
        }
      },
      {
        "package": "AdvancedUIKit",
        "repositoryURL": "https://github.com/adamaszhu/AdvancedUIKit",
        "state": {
          "branch": null,
          "revision": "9bf92e7663d3b1a42e3b2fdc8e2ca12735110953",
          "version": "1.7.2"
        }
      }
    ]
  },
  "version": 1
}
