{
  "pins" : [
    {
      "identity" : "advancedfoundation",
      "kind" : "remoteSourceControl",
      "location" : "https://github.com/adamaszhu/AdvancedFoundation",
      "state" : {
        "revision" : "e5a2d02b6478a0242f50645061860d8e98b12849",
        "version" : "1.8.6"
      }
    },
    {
      "identity" : "advanceduikit",
      "kind" : "remoteSourceControl",
      "location" : "https://github.com/adamaszhu/AdvancedUIKit",
      "state" : {
        "revision" : "0d351d26a7b39e3cee7c7827a128d3e943316404",
        "version" : "1.9.8"
      }
    }
  ],
  "version" : 2
}
